
Microsoft Visual Studio Solution File, Format Version 12.00
# Visual Studio Version 16
VisualStudioVersion = 16.0.31005.135
MinimumVisualStudioVersion = 10.0.40219.1
Project("{2150E333-8FDC-42A3-9474-1A3956D46DE8}") = "Services", "Services", "{6AA63AD2-24AF-4316-B117-EB631F4D1BBA}"
EndProject
Project("{2150E333-8FDC-42A3-9474-1A3956D46DE8}") = "UI", "UI", "{A87EB434-F17E-454F-83F8-A940F53AF28C}"
EndProject
Project("{FAE04EC0-301F-11D3-BF4B-00C04F79EFBC}") = "WriteEverything.WebUI", "WriteEverything.WebUI\WriteEverything.WebUI.csproj", "{6F15FD86-E033-4713-BEF9-FD8AE765E572}"
EndProject
Project("{2150E333-8FDC-42A3-9474-1A3956D46DE8}") = "ArticleService", "ArticleService", "{A8C169E0-D790-4C46-9FA4-0501DFF0847C}"
EndProject
Project("{FAE04EC0-301F-11D3-BF4B-00C04F79EFBC}") = "WriteEverything.ArticleService.Data", "WriteEverything.ArticleService.Data\WriteEverything.ArticleService.Data.csproj", "{22165589-CD48-4E9F-98F8-0C2513794D85}"
EndProject
Global
	GlobalSection(SolutionConfigurationPlatforms) = preSolution
		Debug|Any CPU = Debug|Any CPU
		Release|Any CPU = Release|Any CPU
	EndGlobalSection
	GlobalSection(ProjectConfigurationPlatforms) = postSolution
		{6F15FD86-E033-4713-BEF9-FD8AE765E572}.Debug|Any CPU.ActiveCfg = Debug|Any CPU
		{6F15FD86-E033-4713-BEF9-FD8AE765E572}.Debug|Any CPU.Build.0 = Debug|Any CPU
		{6F15FD86-E033-4713-BEF9-FD8AE765E572}.Release|Any CPU.ActiveCfg = Release|Any CPU
		{6F15FD86-E033-4713-BEF9-FD8AE765E572}.Release|Any CPU.Build.0 = Release|Any CPU
		{22165589-CD48-4E9F-98F8-0C2513794D85}.Debug|Any CPU.ActiveCfg = Debug|Any CPU
		{22165589-CD48-4E9F-98F8-0C2513794D85}.Debug|Any CPU.Build.0 = Debug|Any CPU
		{22165589-CD48-4E9F-98F8-0C2513794D85}.Release|Any CPU.ActiveCfg = Release|Any CPU
		{22165589-CD48-4E9F-98F8-0C2513794D85}.Release|Any CPU.Build.0 = Release|Any CPU
	EndGlobalSection
	GlobalSection(SolutionProperties) = preSolution
		HideSolutionNode = FALSE
	EndGlobalSection
	GlobalSection(NestedProjects) = preSolution
		{6F15FD86-E033-4713-BEF9-FD8AE765E572} = {A87EB434-F17E-454F-83F8-A940F53AF28C}
		{A8C169E0-D790-4C46-9FA4-0501DFF0847C} = {6AA63AD2-24AF-4316-B117-EB631F4D1BBA}
		{22165589-CD48-4E9F-98F8-0C2513794D85} = {A8C169E0-D790-4C46-9FA4-0501DFF0847C}
	EndGlobalSection
	GlobalSection(ExtensibilityGlobals) = postSolution
		SolutionGuid = {7879B783-9592-4BC7-9B7C-770BBF5DAA2E}
	EndGlobalSection
EndGlobal
